
Microsoft Visual Studio Solution File, Format Version 12.00
# Visual Studio Version 16
VisualStudioVersion = 16.0.30002.166
MinimumVisualStudioVersion = 10.0.40219.1
Project("{FAE04EC0-301F-11D3-BF4B-00C04F79EFBC}") = "CoreCart", "CoreCart.csproj", "{7BA4BECC-66D9-460F-8B6B-794B713F421C}"
EndProject
Global
	GlobalSection(SolutionConfigurationPlatforms) = preSolution
		Debug|Any CPU = Debug|Any CPU
		Release|Any CPU = Release|Any CPU
	EndGlobalSection
	GlobalSection(ProjectConfigurationPlatforms) = postSolution
		{7BA4BECC-66D9-460F-8B6B-794B713F421C}.Debug|Any CPU.ActiveCfg = Debug|Any CPU
		{7BA4BECC-66D9-460F-8B6B-794B713F421C}.Debug|Any CPU.Build.0 = Debug|Any CPU
		{7BA4BECC-66D9-460F-8B6B-794B713F421C}.Release|Any CPU.ActiveCfg = Release|Any CPU
		{7BA4BECC-66D9-460F-8B6B-794B713F421C}.Release|Any CPU.Build.0 = Release|Any CPU
	EndGlobalSection
	GlobalSection(SolutionProperties) = preSolution
		HideSolutionNode = FALSE
	EndGlobalSection
	GlobalSection(ExtensibilityGlobals) = postSolution
		SolutionGuid = {C7AF6668-89A9-48D5-B75C-F7D743FFA7AE}
	EndGlobalSection
EndGlobal
